// !$*UTF8*$!
{
	archiveVersion = 1;
	classes = {
	};
	objectVersion = 46;
	objects = {

/* Begin PBXBuildFile section */
		540668CA1EAA4B6800266B86 /* main.m in Sources */ = {isa = PBXBuildFile; fileRef = 540668C91EAA4B6800266B86 /* main.m */; };
		540668CD1EAA4B6800266B86 /* AppDelegate.m in Sources */ = {isa = PBXBuildFile; fileRef = 540668CC1EAA4B6800266B86 /* AppDelegate.m */; };
		540668D31EAA4B6800266B86 /* Main.storyboard in Resources */ = {isa = PBXBuildFile; fileRef = 540668D11EAA4B6800266B86 /* Main.storyboard */; };
		540668D51EAA4B6800266B86 /* Assets.xcassets in Resources */ = {isa = PBXBuildFile; fileRef = 540668D41EAA4B6800266B86 /* Assets.xcassets */; };
		540668D81EAA4B6800266B86 /* LaunchScreen.storyboard in Resources */ = {isa = PBXBuildFile; fileRef = 540668D61EAA4B6800266B86 /* LaunchScreen.storyboard */; };
		540668E11EAA534200266B86 /* VCRoot.m in Sources */ = {isa = PBXBuildFile; fileRef = 540668E01EAA534200266B86 /* VCRoot.m */; };
		540668E51EAA5ADD00266B86 /* AddressBook.framework in Frameworks */ = {isa = PBXBuildFile; fileRef = 540668E31EAA5ADD00266B86 /* AddressBook.framework */; };
		540668E61EAA5ADD00266B86 /* AddressBookUI.framework in Frameworks */ = {isa = PBXBuildFile; fileRef = 540668E41EAA5ADD00266B86 /* AddressBookUI.framework */; };
		544A10201EADDA0C00871AE6 /* Contacts.m in Sources */ = {isa = PBXBuildFile; fileRef = 544A101F1EADDA0C00871AE6 /* Contacts.m */; };
/* End PBXBuildFile section */

/* Begin PBXFileReference section */
		540668C51EAA4B6800266B86 /* UISearchBar&AddressBookUI.app */ = {isa = PBXFileReference; explicitFileType = wrapper.application; includeInIndex = 0; path = "UISearchBar&AddressBookUI.app"; sourceTree = BUILT_PRODUCTS_DIR; };
		540668C91EAA4B6800266B86 /* main.m */ = {isa = PBXFileReference; lastKnownFileType = sourcecode.c.objc; path = main.m; sourceTree = "<group>"; };
		540668CB1EAA4B6800266B86 /* AppDelegate.h */ = {isa = PBXFileReference; lastKnownFileType = sourcecode.c.h; path = AppDelegate.h; sourceTree = "<group>"; };
		540668CC1EAA4B6800266B86 /* AppDelegate.m */ = {isa = PBXFileReference; lastKnownFileType = sourcecode.c.objc; path = AppDelegate.m; sourceTree = "<group>"; };
		540668D21EAA4B6800266B86 /* Base */ = {isa = PBXFileReference; lastKnownFileType = file.storyboard; name = Base; path = Base.lproj/Main.storyboard; sourceTree = "<group>"; };
		540668D41EAA4B6800266B86 /* Assets.xcassets */ = {isa = PBXFileReference; lastKnownFileType = folder.assetcatalog; path = Assets.xcassets; sourceTree = "<group>"; };
		540668D71EAA4B6800266B86 /* Base */ = {isa = PBXFileReference; lastKnownFileType = file.storyboard; name = Base; path = Base.lproj/LaunchScreen.storyboard; sourceTree = "<group>"; };
		540668D91EAA4B6800266B86 /* Info.plist */ = {isa = PBXFileReference; lastKnownFileType = text.plist.xml; path = Info.plist; sourceTree = "<group>"; };
		540668DF1EAA534200266B86 /* VCRoot.h */ = {isa = PBXFileReference; fileEncoding = 4; lastKnownFileType = sourcecode.c.h; path = VCRoot.h; sourceTree = "<group>"; };
		540668E01EAA534200266B86 /* VCRoot.m */ = {isa = PBXFileReference; fileEncoding = 4; lastKnownFileType = sourcecode.c.objc; path = VCRoot.m; sourceTree = "<group>"; };
		540668E31EAA5ADD00266B86 /* AddressBook.framework */ = {isa = PBXFileReference; lastKnownFileType = wrapper.framework; name = AddressBook.framework; path = System/Library/Frameworks/AddressBook.framework; sourceTree = SDKROOT; };
		540668E41EAA5ADD00266B86 /* AddressBookUI.framework */ = {isa = PBXFileReference; lastKnownFileType = wrapper.framework; name = AddressBookUI.framework; path = System/Library/Frameworks/AddressBookUI.framework; sourceTree = SDKROOT; };
		544A101E1EADDA0C00871AE6 /* Contacts.h */ = {isa = PBXFileReference; fileEncoding = 4; lastKnownFileType = sourcecode.c.h; path = Contacts.h; sourceTree = "<group>"; };
		544A101F1EADDA0C00871AE6 /* Contacts.m */ = {isa = PBXFileReference; fileEncoding = 4; lastKnownFileType = sourcecode.c.objc; path = Contacts.m; sourceTree = "<group>"; };
/* End PBXFileReference section */

/* Begin PBXFrameworksBuildPhase section */
		540668C21EAA4B6800266B86 /* Frameworks */ = {
			isa = PBXFrameworksBuildPhase;
			buildActionMask = 2147483647;
			files = (
				540668E51EAA5ADD00266B86 /* AddressBook.framework in Frameworks */,
				540668E61EAA5ADD00266B86 /* AddressBookUI.framework in Frameworks */,
			);
			runOnlyForDeploymentPostprocessing = 0;
		};
/* End PBXFrameworksBuildPhase section */

/* Begin PBXGroup section */
		540668BC1EAA4B6700266B86 = {
			isa = PBXGroup;
			children = (
				540668C71EAA4B6800266B86 /* UISearchBar&AddressBookUI */,
				540668C61EAA4B6800266B86 /* Products */,
				540668E21EAA5ADD00266B86 /* Frameworks */,
			);
			sourceTree = "<group>";
		};
		540668C61EAA4B6800266B86 /* Products */ = {
			isa = PBXGroup;
			children = (
				540668C51EAA4B6800266B86 /* UISearchBar&AddressBookUI.app */,
			);
			name = Products;
			sourceTree = "<group>";
		};
		540668C71EAA4B6800266B86 /* UISearchBar&AddressBookUI */ = {
			isa = PBXGroup;
			children = (
				544A101D1EADD98900871AE6 /* Model */,
				540668CB1EAA4B6800266B86 /* AppDelegate.h */,
				540668CC1EAA4B6800266B86 /* AppDelegate.m */,
				540668D11EAA4B6800266B86 /* Main.storyboard */,
				540668D41EAA4B6800266B86 /* Assets.xcassets */,
				540668D61EAA4B6800266B86 /* LaunchScreen.storyboard */,
				540668D91EAA4B6800266B86 /* Info.plist */,
				540668C81EAA4B6800266B86 /* Supporting Files */,
				540668DF1EAA534200266B86 /* VCRoot.h */,
				540668E01EAA534200266B86 /* VCRoot.m */,
			);
			path = "UISearchBar&AddressBookUI";
			sourceTree = "<group>";
		};
		540668C81EAA4B6800266B86 /* Supporting Files */ = {
			isa = PBXGroup;
			children = (
				540668C91EAA4B6800266B86 /* main.m */,
			);
			name = "Supporting Files";
			sourceTree = "<group>";
		};
		540668E21EAA5ADD00266B86 /* Frameworks */ = {
			isa = PBXGroup;
			children = (
				540668E31EAA5ADD00266B86 /* AddressBook.framework */,
				540668E41EAA5ADD00266B86 /* AddressBookUI.framework */,
			);
			name = Frameworks;
			sourceTree = "<group>";
		};
		544A101D1EADD98900871AE6 /* Model */ = {
			isa = PBXGroup;
			children = (
				544A101E1EADDA0C00871AE6 /* Contacts.h */,
				544A101F1EADDA0C00871AE6 /* Contacts.m */,
			);
			name = Model;
			sourceTree = "<group>";
		};
/* End PBXGroup section */

/* Begin PBXNativeTarget section */
		540668C41EAA4B6800266B86 /* UISearchBar&AddressBookUI */ = {
			isa = PBXNativeTarget;
			buildConfigurationList = 540668DC1EAA4B6800266B86 /* Build configuration list for PBXNativeTarget "UISearchBar&AddressBookUI" */;
			buildPhases = (
				540668C11EAA4B6800266B86 /* Sources */,
				540668C21EAA4B6800266B86 /* Frameworks */,
				540668C31EAA4B6800266B86 /* Resources */,
			);
			buildRules = (
			);
			dependencies = (
			);
			name = "UISearchBar&AddressBookUI";
			productName = "UISearchBar&AddressBookUI";
			productReference = 540668C51EAA4B6800266B86 /* UISearchBar&AddressBookUI.app */;
			productType = "com.apple.product-type.application";
		};
/* End PBXNativeTarget section */

/* Begin PBXProject section */
		540668BD1EAA4B6700266B86 /* Project object */ = {
			isa = PBXProject;
			attributes = {
				LastUpgradeCheck = 0830;
				ORGANIZATIONNAME = "YY Inc";
				TargetAttributes = {
					540668C41EAA4B6800266B86 = {
						CreatedOnToolsVersion = 8.3.1;
						DevelopmentTeam = HDH67HLL2S;
						ProvisioningStyle = Automatic;
					};
				};
			};
			buildConfigurationList = 540668C01EAA4B6800266B86 /* Build configuration list for PBXProject "UISearchBar&AddressBookUI" */;
			compatibilityVersion = "Xcode 3.2";
			developmentRegion = English;
			hasScannedForEncodings = 0;
			knownRegions = (
				en,
				Base,
			);
			mainGroup = 540668BC1EAA4B6700266B86;
			productRefGroup = 540668C61EAA4B6800266B86 /* Products */;
			projectDirPath = "";
			projectRoot = "";
			targets = (
				540668C41EAA4B6800266B86 /* UISearchBar&AddressBookUI */,
			);
		};
/* End PBXProject section */

/* Begin PBXResourcesBuildPhase section */
		540668C31EAA4B6800266B86 /* Resources */ = {
			isa = PBXResourcesBuildPhase;
			buildActionMask = 2147483647;
			files = (
				540668D81EAA4B6800266B86 /* LaunchScreen.storyboard in Resources */,
				540668D51EAA4B6800266B86 /* Assets.xcassets in Resources */,
				540668D31EAA4B6800266B86 /* Main.storyboard in Resources */,
			);
			runOnlyForDeploymentPostprocessing = 0;
		};
/* End PBXResourcesBuildPhase section */

/* Begin PBXSourcesBuildPhase section */
		540668C11EAA4B6800266B86 /* Sources */ = {
			isa = PBXSourcesBuildPhase;
			buildActionMask = 2147483647;
			files = (
				544A10201EADDA0C00871AE6 /* Contacts.m in Sources */,
				540668E11EAA534200266B86 /* VCRoot.m in Sources */,
				540668CD1EAA4B6800266B86 /* AppDelegate.m in Sources */,
				540668CA1EAA4B6800266B86 /* main.m in Sources */,
			);
			runOnlyForDeploymentPostprocessing = 0;
		};
/* End PBXSourcesBuildPhase section */

/* Begin PBXVariantGroup section */
		540668D11EAA4B6800266B86 /* Main.storyboard */ = {
			isa = PBXVariantGroup;
			children = (
				540668D21EAA4B6800266B86 /* Base */,
			);
			name = Main.storyboard;
			sourceTree = "<group>";
		};
		540668D61EAA4B6800266B86 /* LaunchScreen.storyboard */ = {
			isa = PBXVariantGroup;
			children = (
				540668D71EAA4B6800266B86 /* Base */,
			);
			name = LaunchScreen.storyboard;
			sourceTree = "<group>";
		};
/* End PBXVariantGroup section */

/* Begin XCBuildConfiguration section */
		540668DA1EAA4B6800266B86 /* Debug */ = {
			isa = XCBuildConfiguration;
			buildSettings = {
				ALWAYS_SEARCH_USER_PATHS = NO;
				CLANG_ANALYZER_NONNULL = YES;
				CLANG_ANALYZER_NUMBER_OBJECT_CONVERSION = YES_AGGRESSIVE;
				CLANG_CXX_LANGUAGE_STANDARD = "gnu++0x";
				CLANG_CXX_LIBRARY = "libc++";
				CLANG_ENABLE_MODULES = YES;
				CLANG_ENABLE_OBJC_ARC = YES;
				CLANG_WARN_BOOL_CONVERSION = YES;
				CLANG_WARN_CONSTANT_CONVERSION = YES;
				CLANG_WARN_DIRECT_OBJC_ISA_USAGE = YES_ERROR;
				CLANG_WARN_DOCUMENTATION_COMMENTS = YES;
				CLANG_WARN_EMPTY_BODY = YES;
				CLANG_WARN_ENUM_CONVERSION = YES;
				CLANG_WARN_INFINITE_RECURSION = YES;
				CLANG_WARN_INT_CONVERSION = YES;
				CLANG_WARN_OBJC_ROOT_CLASS = YES_ERROR;
				CLANG_WARN_SUSPICIOUS_MOVE = YES;
				CLANG_WARN_UNREACHABLE_CODE = YES;
				CLANG_WARN__DUPLICATE_METHOD_MATCH = YES;
				"CODE_SIGN_IDENTITY[sdk=iphoneos*]" = "iPhone Developer";
				COPY_PHASE_STRIP = NO;
				DEBUG_INFORMATION_FORMAT = dwarf;
				ENABLE_STRICT_OBJC_MSGSEND = YES;
				ENABLE_TESTABILITY = YES;
				GCC_C_LANGUAGE_STANDARD = gnu99;
				GCC_DYNAMIC_NO_PIC = NO;
				GCC_NO_COMMON_BLOCKS = YES;
				GCC_OPTIMIZATION_LEVEL = 0;
				GCC_PREPROCESSOR_DEFINITIONS = (
					"DEBUG=1",
					"$(inherited)",
				);
				GCC_WARN_64_TO_32_BIT_CONVERSION = YES;
				GCC_WARN_ABOUT_RETURN_TYPE = YES_ERROR;
				GCC_WARN_UNDECLARED_SELECTOR = YES;
				GCC_WARN_UNINITIALIZED_AUTOS = YES_AGGRESSIVE;
				GCC_WARN_UNUSED_FUNCTION = YES;
				GCC_WARN_UNUSED_VARIABLE = YES;
				IPHONEOS_DEPLOYMENT_TARGET = 10.3;
				MTL_ENABLE_DEBUG_INFO = YES;
				ONLY_ACTIVE_ARCH = YES;
				SDKROOT = iphoneos;
				TARGETED_DEVICE_FAMILY = "1,2";
			};
			name = Debug;
		};
		540668DB1EAA4B6800266B86 /* Release */ = {
			isa = XCBuildConfiguration;
			buildSettings = {
				ALWAYS_SEARCH_USER_PATHS = NO;
				CLANG_ANALYZER_NONNULL = YES;
				CLANG_ANALYZER_NUMBER_OBJECT_CONVERSION = YES_AGGRESSIVE;
				CLANG_CXX_LANGUAGE_STANDARD = "gnu++0x";
				CLANG_CXX_LIBRARY = "libc++";
				CLANG_ENABLE_MODULES = YES;
				CLANG_ENABLE_OBJC_ARC = YES;
				CLANG_WARN_BOOL_CONVERSION = YES;
				CLANG_WARN_CONSTANT_CONVERSION = YES;
				CLANG_WARN_DIRECT_OBJC_ISA_USAGE = YES_ERROR;
				CLANG_WARN_DOCUMENTATION_COMMENTS = YES;
				CLANG_WARN_EMPTY_BODY = YES;
				CLANG_WARN_ENUM_CONVERSION = YES;
				CLANG_WARN_INFINITE_RECURSION = YES;
				CLANG_WARN_INT_CONVERSION = YES;
				CLANG_WARN_OBJC_ROOT_CLASS = YES_ERROR;
				CLANG_WARN_SUSPICIOUS_MOVE = YES;
				CLANG_WARN_UNREACHABLE_CODE = YES;
				CLANG_WARN__DUPLICATE_METHOD_MATCH = YES;
				"CODE_SIGN_IDENTITY[sdk=iphoneos*]" = "iPhone Developer";
				COPY_PHASE_STRIP = NO;
				DEBUG_INFORMATION_FORMAT = "dwarf-with-dsym";
				ENABLE_NS_ASSERTIONS = NO;
				ENABLE_STRICT_OBJC_MSGSEND = YES;
				GCC_C_LANGUAGE_STANDARD = gnu99;
				GCC_NO_COMMON_BLOCKS = YES;
				GCC_WARN_64_TO_32_BIT_CONVERSION = YES;
				GCC_WARN_ABOUT_RETURN_TYPE = YES_ERROR;
				GCC_WARN_UNDECLARED_SELECTOR = YES;
				GCC_WARN_UNINITIALIZED_AUTOS = YES_AGGRESSIVE;
				GCC_WARN_UNUSED_FUNCTION = YES;
				GCC_WARN_UNUSED_VARIABLE = YES;
				IPHONEOS_DEPLOYMENT_TARGET = 10.3;
				MTL_ENABLE_DEBUG_INFO = NO;
				SDKROOT = iphoneos;
				TARGETED_DEVICE_FAMILY = "1,2";
				VALIDATE_PRODUCT = YES;
			};
			name = Release;
		};
		540668DD1EAA4B6800266B86 /* Debug */ = {
			isa = XCBuildConfiguration;
			buildSettings = {
				ASSETCATALOG_COMPILER_APPICON_NAME = AppIcon;
				DEVELOPMENT_TEAM = HDH67HLL2S;
				INFOPLIST_FILE = "UISearchBar&AddressBookUI/Info.plist";
				LD_RUNPATH_SEARCH_PATHS = "$(inherited) @executable_path/Frameworks";
				PRODUCT_BUNDLE_IDENTIFIER = com.yy.IOSTestDemo;
				PRODUCT_NAME = "$(TARGET_NAME)";
			};
			name = Debug;
		};
		540668DE1EAA4B6800266B86 /* Release */ = {
			isa = XCBuildConfiguration;
			buildSettings = {
				ASSETCATALOG_COMPILER_APPICON_NAME = AppIcon;
				DEVELOPMENT_TEAM = HDH67HLL2S;
				INFOPLIST_FILE = "UISearchBar&AddressBookUI/Info.plist";
				LD_RUNPATH_SEARCH_PATHS = "$(inherited) @executable_path/Frameworks";
				PRODUCT_BUNDLE_IDENTIFIER = com.yy.IOSTestDemo;
				PRODUCT_NAME = "$(TARGET_NAME)";
			};
			name = Release;
		};
/* End XCBuildConfiguration section */

/* Begin XCConfigurationList section */
		540668C01EAA4B6800266B86 /* Build configuration list for PBXProject "UISearchBar&AddressBookUI" */ = {
			isa = XCConfigurationList;
			buildConfigurations = (
				540668DA1EAA4B6800266B86 /* Debug */,
				540668DB1EAA4B6800266B86 /* Release */,
			);
			defaultConfigurationIsVisible = 0;
			defaultConfigurationName = Release;
		};
		540668DC1EAA4B6800266B86 /* Build configuration list for PBXNativeTarget "UISearchBar&AddressBookUI" */ = {
			isa = XCConfigurationList;
			buildConfigurations = (
				540668DD1EAA4B6800266B86 /* Debug */,
				540668DE1EAA4B6800266B86 /* Release */,
			);
			defaultConfigurationIsVisible = 0;
			defaultConfigurationName = Release;
		};
/* End XCConfigurationList section */
	};
	rootObject = 540668BD1EAA4B6700266B86 /* Project object */;
}
